// !$*UTF8*$!
{
	archiveVersion = 1;
	classes = {
	};
	objectVersion = 45;
	objects = {

/* Begin PBXBuildFile section */
		1321AF5A124745DD00C5D3F6 /* MessengerDisplayView.m in Sources */ = {isa = PBXBuildFile; fileRef = 1321AF59124745DD00C5D3F6 /* MessengerDisplayView.m */; };
		1321AF631247468B00C5D3F6 /* MessengerDisplayView.m in Sources */ = {isa = PBXBuildFile; fileRef = 1321AF59124745DD00C5D3F6 /* MessengerDisplayView.m */; };
		134551B3122A4D0200E348F5 /* MessengerSystem.m in Sources */ = {isa = PBXBuildFile; fileRef = 134551B2122A4D0200E348F5 /* MessengerSystem.m */; };
		134551B5122A4D1600E348F5 /* MessengerSystemTest.m in Sources */ = {isa = PBXBuildFile; fileRef = 134551B4122A4D1600E348F5 /* MessengerSystemTest.m */; };
		1345540C122A68A500E348F5 /* MessengerSystem.m in Sources */ = {isa = PBXBuildFile; fileRef = 134551B2122A4D0200E348F5 /* MessengerSystem.m */; };
		13455454122A6AB400E348F5 /* coTestObject.m in Sources */ = {isa = PBXBuildFile; fileRef = 1345544A122A6A0A00E348F5 /* coTestObject.m */; };
		13A2E99412407C6E007685AD /* MessengerIDGenerator.m in Sources */ = {isa = PBXBuildFile; fileRef = 13A2E99312407C6E007685AD /* MessengerIDGenerator.m */; };
		13A2EA231240A235007685AD /* MessengerIDGenerator.m in Sources */ = {isa = PBXBuildFile; fileRef = 13A2E99312407C6E007685AD /* MessengerIDGenerator.m */; };
		13A9E8D6123D2B3200981224 /* MessengerViewController.m in Sources */ = {isa = PBXBuildFile; fileRef = 13AC407D123CB3E700AAF658 /* MessengerViewController.m */; };
		13A9EA65123D49AF00981224 /* UIKit.framework in Frameworks */ = {isa = PBXBuildFile; fileRef = 1DF5F4DF0D08C38300B7A737 /* UIKit.framework */; };
		13A9EABA123D49B900981224 /* Foundation.framework in Frameworks */ = {isa = PBXBuildFile; fileRef = 1D30AB110D05D00D00671497 /* Foundation.framework */; };
		13A9EB12123D4A1300981224 /* CoreGraphics.framework in Frameworks */ = {isa = PBXBuildFile; fileRef = 288765FC0DF74451002DB57D /* CoreGraphics.framework */; };
		13AC407E123CB3E700AAF658 /* MessengerViewController.m in Sources */ = {isa = PBXBuildFile; fileRef = 13AC407D123CB3E700AAF658 /* MessengerViewController.m */; };
		1D3623260D0F684500981E51 /* TestKitTestingAppDelegate.m in Sources */ = {isa = PBXBuildFile; fileRef = 1D3623250D0F684500981E51 /* TestKitTestingAppDelegate.m */; };
		1D60589B0D05DD56006BFB54 /* main.m in Sources */ = {isa = PBXBuildFile; fileRef = 29B97316FDCFA39411CA2CEA /* main.m */; };
		1D60589F0D05DD5A006BFB54 /* Foundation.framework in Frameworks */ = {isa = PBXBuildFile; fileRef = 1D30AB110D05D00D00671497 /* Foundation.framework */; };
		1DF5F4E00D08C38300B7A737 /* UIKit.framework in Frameworks */ = {isa = PBXBuildFile; fileRef = 1DF5F4DF0D08C38300B7A737 /* UIKit.framework */; };
		288765FD0DF74451002DB57D /* CoreGraphics.framework in Frameworks */ = {isa = PBXBuildFile; fileRef = 288765FC0DF74451002DB57D /* CoreGraphics.framework */; };
		28AD733F0D9D9553002E5188 /* MainWindow.xib in Resources */ = {isa = PBXBuildFile; fileRef = 28AD733E0D9D9553002E5188 /* MainWindow.xib */; };
/* End PBXBuildFile section */

/* Begin PBXFileReference section */
		1321AF58124745DD00C5D3F6 /* MessengerDisplayView.h */ = {isa = PBXFileReference; fileEncoding = 4; lastKnownFileType = sourcecode.c.h; path = MessengerDisplayView.h; sourceTree = "<group>"; };
		1321AF59124745DD00C5D3F6 /* MessengerDisplayView.m */ = {isa = PBXFileReference; fileEncoding = 4; lastKnownFileType = sourcecode.c.objc; path = MessengerDisplayView.m; sourceTree = "<group>"; };
		134551B1122A4D0200E348F5 /* MessengerSystem.h */ = {isa = PBXFileReference; fileEncoding = 4; lastKnownFileType = sourcecode.c.h; path = MessengerSystem.h; sourceTree = "<group>"; };
		134551B2122A4D0200E348F5 /* MessengerSystem.m */ = {isa = PBXFileReference; fileEncoding = 4; lastKnownFileType = sourcecode.c.objc; path = MessengerSystem.m; sourceTree = "<group>"; };
		134551B4122A4D1600E348F5 /* MessengerSystemTest.m */ = {isa = PBXFileReference; fileEncoding = 4; lastKnownFileType = sourcecode.c.objc; path = MessengerSystemTest.m; sourceTree = "<group>"; };
		13455449122A6A0A00E348F5 /* coTestObject.h */ = {isa = PBXFileReference; fileEncoding = 4; lastKnownFileType = sourcecode.c.h; path = coTestObject.h; sourceTree = "<group>"; };
		1345544A122A6A0A00E348F5 /* coTestObject.m */ = {isa = PBXFileReference; fileEncoding = 4; lastKnownFileType = sourcecode.c.objc; path = coTestObject.m; sourceTree = "<group>"; };
		137DA94C122A26C700FB5497 /* TestBuncle-Info.plist */ = {isa = PBXFileReference; lastKnownFileType = text.plist.xml; path = "TestBuncle-Info.plist"; sourceTree = "<group>"; };
		137DA955122A26D500FB5497 /* TestBundle.octest */ = {isa = PBXFileReference; explicitFileType = wrapper.cfbundle; includeInIndex = 0; path = TestBundle.octest; sourceTree = BUILT_PRODUCTS_DIR; };
		137DA956122A26D500FB5497 /* TestBundle-Info.plist */ = {isa = PBXFileReference; lastKnownFileType = text.plist.xml; path = "TestBundle-Info.plist"; sourceTree = "<group>"; };
		13A2E99212407C6E007685AD /* MessengerIDGenerator.h */ = {isa = PBXFileReference; fileEncoding = 4; lastKnownFileType = sourcecode.c.h; path = MessengerIDGenerator.h; sourceTree = "<group>"; };
		13A2E99312407C6E007685AD /* MessengerIDGenerator.m */ = {isa = PBXFileReference; fileEncoding = 4; lastKnownFileType = sourcecode.c.objc; path = MessengerIDGenerator.m; sourceTree = "<group>"; };
		13A9E95B123D2F5800981224 /* NameList.h */ = {isa = PBXFileReference; fileEncoding = 4; lastKnownFileType = sourcecode.c.h; path = NameList.h; sourceTree = "<group>"; };
		13AC407C123CB3E700AAF658 /* MessengerViewController.h */ = {isa = PBXFileReference; fileEncoding = 4; lastKnownFileType = sourcecode.c.h; path = MessengerViewController.h; sourceTree = "<group>"; };
		13AC407D123CB3E700AAF658 /* MessengerViewController.m */ = {isa = PBXFileReference; fileEncoding = 4; lastKnownFileType = sourcecode.c.objc; path = MessengerViewController.m; sourceTree = "<group>"; };
		1D30AB110D05D00D00671497 /* Foundation.framework */ = {isa = PBXFileReference; lastKnownFileType = wrapper.framework; name = Foundation.framework; path = System/Library/Frameworks/Foundation.framework; sourceTree = SDKROOT; };
		1D3623240D0F684500981E51 /* TestKitTestingAppDelegate.h */ = {isa = PBXFileReference; fileEncoding = 4; lastKnownFileType = sourcecode.c.h; path = TestKitTestingAppDelegate.h; sourceTree = "<group>"; };
		1D3623250D0F684500981E51 /* TestKitTestingAppDelegate.m */ = {isa = PBXFileReference; fileEncoding = 4; lastKnownFileType = sourcecode.c.objc; path = TestKitTestingAppDelegate.m; sourceTree = "<group>"; };
		1D6058910D05DD3D006BFB54 /* TestKitTesting.app */ = {isa = PBXFileReference; explicitFileType = wrapper.application; includeInIndex = 0; path = TestKitTesting.app; sourceTree = BUILT_PRODUCTS_DIR; };
		1DF5F4DF0D08C38300B7A737 /* UIKit.framework */ = {isa = PBXFileReference; lastKnownFileType = wrapper.framework; name = UIKit.framework; path = System/Library/Frameworks/UIKit.framework; sourceTree = SDKROOT; };
		288765FC0DF74451002DB57D /* CoreGraphics.framework */ = {isa = PBXFileReference; lastKnownFileType = wrapper.framework; name = CoreGraphics.framework; path = System/Library/Frameworks/CoreGraphics.framework; sourceTree = SDKROOT; };
		28AD733E0D9D9553002E5188 /* MainWindow.xib */ = {isa = PBXFileReference; lastKnownFileType = file.xib; path = MainWindow.xib; sourceTree = "<group>"; };
		29B97316FDCFA39411CA2CEA /* main.m */ = {isa = PBXFileReference; fileEncoding = 4; lastKnownFileType = sourcecode.c.objc; path = main.m; sourceTree = "<group>"; };
		32CA4F630368D1EE00C91783 /* TestKitTesting_Prefix.pch */ = {isa = PBXFileReference; fileEncoding = 4; lastKnownFileType = sourcecode.c.h; path = TestKitTesting_Prefix.pch; sourceTree = "<group>"; };
		8D1107310486CEB800E47090 /* TestKitTesting-Info.plist */ = {isa = PBXFileReference; fileEncoding = 4; lastKnownFileType = text.plist.xml; path = "TestKitTesting-Info.plist"; plistStructureDefinitionIdentifier = "com.apple.xcode.plist.structure-definition.iphone.info-plist"; sourceTree = "<group>"; };
/* End PBXFileReference section */

/* Begin PBXFrameworksBuildPhase section */
		137DA952122A26D500FB5497 /* Frameworks */ = {
			isa = PBXFrameworksBuildPhase;
			buildActionMask = 2147483647;
			files = (
				13A9EB12123D4A1300981224 /* CoreGraphics.framework in Frameworks */,
				13A9EABA123D49B900981224 /* Foundation.framework in Frameworks */,
				13A9EA65123D49AF00981224 /* UIKit.framework in Frameworks */,
			);
			runOnlyForDeploymentPostprocessing = 0;
		};
		1D60588F0D05DD3D006BFB54 /* Frameworks */ = {
			isa = PBXFrameworksBuildPhase;
			buildActionMask = 2147483647;
			files = (
				1D60589F0D05DD5A006BFB54 /* Foundation.framework in Frameworks */,
				1DF5F4E00D08C38300B7A737 /* UIKit.framework in Frameworks */,
				288765FD0DF74451002DB57D /* CoreGraphics.framework in Frameworks */,
			);
			runOnlyForDeploymentPostprocessing = 0;
		};
/* End PBXFrameworksBuildPhase section */

/* Begin PBXGroup section */
		080E96DDFE201D6D7F000001 /* Classes */ = {
			isa = PBXGroup;
			children = (
				1D3623240D0F684500981E51 /* TestKitTestingAppDelegate.h */,
				1D3623250D0F684500981E51 /* TestKitTestingAppDelegate.m */,
				13455449122A6A0A00E348F5 /* coTestObject.h */,
				1345544A122A6A0A00E348F5 /* coTestObject.m */,
				13A9E95B123D2F5800981224 /* NameList.h */,
			);
			path = Classes;
			sourceTree = "<group>";
		};
		134551B0122A4D0200E348F5 /* MessengerSystem */ = {
			isa = PBXGroup;
			children = (
				134551B1122A4D0200E348F5 /* MessengerSystem.h */,
				134551B2122A4D0200E348F5 /* MessengerSystem.m */,
				134551B4122A4D1600E348F5 /* MessengerSystemTest.m */,
				13AC407C123CB3E700AAF658 /* MessengerViewController.h */,
				13AC407D123CB3E700AAF658 /* MessengerViewController.m */,
				13A2E99212407C6E007685AD /* MessengerIDGenerator.h */,
				13A2E99312407C6E007685AD /* MessengerIDGenerator.m */,
				1321AF58124745DD00C5D3F6 /* MessengerDisplayView.h */,
				1321AF59124745DD00C5D3F6 /* MessengerDisplayView.m */,
			);
			name = MessengerSystem;
			path = Classes/MessengerSystem;
			sourceTree = "<group>";
		};
		19C28FACFE9D520D11CA2CBB /* Products */ = {
			isa = PBXGroup;
			children = (
				1D6058910D05DD3D006BFB54 /* TestKitTesting.app */,
				137DA955122A26D500FB5497 /* TestBundle.octest */,
			);
			name = Products;
			sourceTree = "<group>";
		};
		29B97314FDCFA39411CA2CEA /* CustomTemplate */ = {
			isa = PBXGroup;
			children = (
				134551B0122A4D0200E348F5 /* MessengerSystem */,
				080E96DDFE201D6D7F000001 /* Classes */,
				29B97315FDCFA39411CA2CEA /* Other Sources */,
				29B97317FDCFA39411CA2CEA /* Resources */,
				29B97323FDCFA39411CA2CEA /* Frameworks */,
				19C28FACFE9D520D11CA2CBB /* Products */,
				137DA94C122A26C700FB5497 /* TestBuncle-Info.plist */,
				137DA956122A26D500FB5497 /* TestBundle-Info.plist */,
			);
			name = CustomTemplate;
			sourceTree = "<group>";
		};
		29B97315FDCFA39411CA2CEA /* Other Sources */ = {
			isa = PBXGroup;
			children = (
				32CA4F630368D1EE00C91783 /* TestKitTesting_Prefix.pch */,
				29B97316FDCFA39411CA2CEA /* main.m */,
			);
			name = "Other Sources";
			sourceTree = "<group>";
		};
		29B97317FDCFA39411CA2CEA /* Resources */ = {
			isa = PBXGroup;
			children = (
				28AD733E0D9D9553002E5188 /* MainWindow.xib */,
				8D1107310486CEB800E47090 /* TestKitTesting-Info.plist */,
			);
			name = Resources;
			sourceTree = "<group>";
		};
		29B97323FDCFA39411CA2CEA /* Frameworks */ = {
			isa = PBXGroup;
			children = (
				1DF5F4DF0D08C38300B7A737 /* UIKit.framework */,
				1D30AB110D05D00D00671497 /* Foundation.framework */,
				288765FC0DF74451002DB57D /* CoreGraphics.framework */,
			);
			name = Frameworks;
			sourceTree = "<group>";
		};
/* End PBXGroup section */

/* Begin PBXNativeTarget section */
		137DA954122A26D500FB5497 /* TestBundle */ = {
			isa = PBXNativeTarget;
			buildConfigurationList = 137DA959122A26D500FB5497 /* Build configuration list for PBXNativeTarget "TestBundle" */;
			buildPhases = (
				137DA950122A26D500FB5497 /* Resources */,
				137DA951122A26D500FB5497 /* Sources */,
				137DA952122A26D500FB5497 /* Frameworks */,
				137DA953122A26D500FB5497 /* ShellScript */,
			);
			buildRules = (
			);
			dependencies = (
			);
			name = TestBundle;
			productName = TestBundle;
			productReference = 137DA955122A26D500FB5497 /* TestBundle.octest */;
			productType = "com.apple.product-type.bundle";
		};
		1D6058900D05DD3D006BFB54 /* TestKitTesting */ = {
			isa = PBXNativeTarget;
			buildConfigurationList = 1D6058960D05DD3E006BFB54 /* Build configuration list for PBXNativeTarget "TestKitTesting" */;
			buildPhases = (
				1D60588D0D05DD3D006BFB54 /* Resources */,
				1D60588E0D05DD3D006BFB54 /* Sources */,
				1D60588F0D05DD3D006BFB54 /* Frameworks */,
			);
			buildRules = (
			);
			dependencies = (
			);
			name = TestKitTesting;
			productName = TestKitTesting;
			productReference = 1D6058910D05DD3D006BFB54 /* TestKitTesting.app */;
			productType = "com.apple.product-type.application";
		};
/* End PBXNativeTarget section */

/* Begin PBXProject section */
		29B97313FDCFA39411CA2CEA /* Project object */ = {
			isa = PBXProject;
			buildConfigurationList = C01FCF4E08A954540054247B /* Build configuration list for PBXProject "TestKitTesting" */;
			compatibilityVersion = "Xcode 3.1";
			hasScannedForEncodings = 1;
			mainGroup = 29B97314FDCFA39411CA2CEA /* CustomTemplate */;
			projectDirPath = "";
			projectRoot = "";
			targets = (
				1D6058900D05DD3D006BFB54 /* TestKitTesting */,
				137DA954122A26D500FB5497 /* TestBundle */,
			);
		};
/* End PBXProject section */

/* Begin PBXResourcesBuildPhase section */
		137DA950122A26D500FB5497 /* Resources */ = {
			isa = PBXResourcesBuildPhase;
			buildActionMask = 2147483647;
			files = (
			);
			runOnlyForDeploymentPostprocessing = 0;
		};
		1D60588D0D05DD3D006BFB54 /* Resources */ = {
			isa = PBXResourcesBuildPhase;
			buildActionMask = 2147483647;
			files = (
				28AD733F0D9D9553002E5188 /* MainWindow.xib in Resources */,
			);
			runOnlyForDeploymentPostprocessing = 0;
		};
/* End PBXResourcesBuildPhase section */

/* Begin PBXShellScriptBuildPhase section */
		137DA953122A26D500FB5497 /* ShellScript */ = {
			isa = PBXShellScriptBuildPhase;
			buildActionMask = 2147483647;
			files = (
			);
			inputPaths = (
			);
			outputPaths = (
			);
			runOnlyForDeploymentPostprocessing = 0;
			shellPath = /bin/sh;
			shellScript = "# Run the unit tests in this test bundle.\n\"${SYSTEM_DEVELOPER_DIR}/Tools/RunUnitTests\"\n";
		};
/* End PBXShellScriptBuildPhase section */

/* Begin PBXSourcesBuildPhase section */
		137DA951122A26D500FB5497 /* Sources */ = {
			isa = PBXSourcesBuildPhase;
			buildActionMask = 2147483647;
			files = (
				13A2E99412407C6E007685AD /* MessengerIDGenerator.m in Sources */,
				134551B3122A4D0200E348F5 /* MessengerSystem.m in Sources */,
				13AC407E123CB3E700AAF658 /* MessengerViewController.m in Sources */,
				1321AF5A124745DD00C5D3F6 /* MessengerDisplayView.m in Sources */,
				134551B5122A4D1600E348F5 /* MessengerSystemTest.m in Sources */,
			);
			runOnlyForDeploymentPostprocessing = 0;
		};
		1D60588E0D05DD3D006BFB54 /* Sources */ = {
			isa = PBXSourcesBuildPhase;
			buildActionMask = 2147483647;
			files = (
				13A9E8D6123D2B3200981224 /* MessengerViewController.m in Sources */,
				1321AF631247468B00C5D3F6 /* MessengerDisplayView.m in Sources */,
				13455454122A6AB400E348F5 /* coTestObject.m in Sources */,
				13A2EA231240A235007685AD /* MessengerIDGenerator.m in Sources */,
				1345540C122A68A500E348F5 /* MessengerSystem.m in Sources */,
				1D60589B0D05DD56006BFB54 /* main.m in Sources */,
				1D3623260D0F684500981E51 /* TestKitTestingAppDelegate.m in Sources */,
			);
			runOnlyForDeploymentPostprocessing = 0;
		};
/* End PBXSourcesBuildPhase section */

/* Begin XCBuildConfiguration section */
		137DA957122A26D500FB5497 /* Debug */ = {
			isa = XCBuildConfiguration;
			buildSettings = {
				ALWAYS_SEARCH_USER_PATHS = NO;
				"CODE_SIGN_IDENTITY[sdk=iphoneos*]" = "Don't Code Sign";
				COPY_PHASE_STRIP = NO;
				FRAMEWORK_SEARCH_PATHS = (
					"\"$(SDKROOT)/Developer/Library/Frameworks\"",
					"\"$(DEVELOPER_LIBRARY_DIR)/Frameworks\"",
				);
				GCC_DYNAMIC_NO_PIC = NO;
				GCC_ENABLE_FIX_AND_CONTINUE = NO;
				GCC_ENABLE_OBJC_EXCEPTIONS = YES;
				GCC_OPTIMIZATION_LEVEL = 0;
				INFOPLIST_FILE = "TestBundle-Info.plist";
				OTHER_LDFLAGS = (
					"-framework",
					Foundation,
					"-framework",
					SenTestingKit,
					"-framework",
					UIKit,
				);
				PREBINDING = NO;
				PRODUCT_NAME = TestBundle;
				SDKROOT = iphonesimulator4.0;
				VERSIONING_SYSTEM = "";
				WRAPPER_EXTENSION = octest;
			};
			name = Debug;
		};
		137DA958122A26D500FB5497 /* Release */ = {
			isa = XCBuildConfiguration;
			buildSettings = {
				ALWAYS_SEARCH_USER_PATHS = NO;
				"CODE_SIGN_IDENTITY[sdk=iphoneos*]" = "";
				COPY_PHASE_STRIP = YES;
				DEBUG_INFORMATION_FORMAT = "dwarf-with-dsym";
				FRAMEWORK_SEARCH_PATHS = (
					"\"$(SDKROOT)/Developer/Library/Frameworks\"",
					"\"$(DEVELOPER_LIBRARY_DIR)/Frameworks\"",
				);
				GCC_ENABLE_FIX_AND_CONTINUE = NO;
				GCC_ENABLE_OBJC_EXCEPTIONS = YES;
				INFOPLIST_FILE = "TestBundle-Info.plist";
				OTHER_LDFLAGS = (
					"-framework",
					Foundation,
					"-framework",
					SenTestingKit,
					"-framework",
					UIKit,
				);
				PREBINDING = NO;
				PRODUCT_NAME = TestBundle;
				WRAPPER_EXTENSION = octest;
				ZERO_LINK = NO;
			};
			name = Release;
		};
		1D6058940D05DD3E006BFB54 /* Debug */ = {
			isa = XCBuildConfiguration;
			buildSettings = {
				ALWAYS_SEARCH_USER_PATHS = NO;
				"CODE_SIGN_IDENTITY[sdk=iphoneos*]" = "Don't Code Sign";
				COPY_PHASE_STRIP = NO;
				GCC_DYNAMIC_NO_PIC = NO;
				GCC_OPTIMIZATION_LEVEL = 0;
				GCC_PRECOMPILE_PREFIX_HEADER = YES;
				GCC_PREFIX_HEADER = TestKitTesting_Prefix.pch;
				INFOPLIST_FILE = "TestKitTesting-Info.plist";
				IPHONEOS_DEPLOYMENT_TARGET = 4.0;
				PRODUCT_NAME = TestKitTesting;
				"PROVISIONING_PROFILE[sdk=iphoneos*]" = "";
			};
			name = Debug;
		};
		1D6058950D05DD3E006BFB54 /* Release */ = {
			isa = XCBuildConfiguration;
			buildSettings = {
				ALWAYS_SEARCH_USER_PATHS = NO;
				COPY_PHASE_STRIP = YES;
				GCC_PRECOMPILE_PREFIX_HEADER = YES;
				GCC_PREFIX_HEADER = TestKitTesting_Prefix.pch;
				INFOPLIST_FILE = "TestKitTesting-Info.plist";
				PRODUCT_NAME = TestKitTesting;
				VALIDATE_PRODUCT = YES;
			};
			name = Release;
		};
		C01FCF4F08A954540054247B /* Debug */ = {
			isa = XCBuildConfiguration;
			buildSettings = {
				ARCHS = "$(ARCHS_STANDARD_32_BIT)";
				"CODE_SIGN_IDENTITY[sdk=iphoneos*]" = "iPhone Developer";
				GCC_C_LANGUAGE_STANDARD = c99;
				GCC_WARN_ABOUT_RETURN_TYPE = YES;
				GCC_WARN_UNUSED_VARIABLE = YES;
				PREBINDING = NO;
				SDKROOT = iphonesimulator4.0;
			};
			name = Debug;
		};
		C01FCF5008A954540054247B /* Release */ = {
			isa = XCBuildConfiguration;
			buildSettings = {
				ARCHS = "$(ARCHS_STANDARD_32_BIT)";
				"CODE_SIGN_IDENTITY[sdk=iphoneos*]" = "iPhone Developer";
				GCC_C_LANGUAGE_STANDARD = c99;
				GCC_WARN_ABOUT_RETURN_TYPE = YES;
				GCC_WARN_UNUSED_VARIABLE = YES;
				OTHER_CFLAGS = "-DNS_BLOCK_ASSERTIONS=1";
				PREBINDING = NO;
				SDKROOT = iphonesimulator4.0;
			};
			name = Release;
		};
/* End XCBuildConfiguration section */

/* Begin XCConfigurationList section */
		137DA959122A26D500FB5497 /* Build configuration list for PBXNativeTarget "TestBundle" */ = {
			isa = XCConfigurationList;
			buildConfigurations = (
				137DA957122A26D500FB5497 /* Debug */,
				137DA958122A26D500FB5497 /* Release */,
			);
			defaultConfigurationIsVisible = 0;
			defaultConfigurationName = Release;
		};
		1D6058960D05DD3E006BFB54 /* Build configuration list for PBXNativeTarget "TestKitTesting" */ = {
			isa = XCConfigurationList;
			buildConfigurations = (
				1D6058940D05DD3E006BFB54 /* Debug */,
				1D6058950D05DD3E006BFB54 /* Release */,
			);
			defaultConfigurationIsVisible = 0;
			defaultConfigurationName = Release;
		};
		C01FCF4E08A954540054247B /* Build configuration list for PBXProject "TestKitTesting" */ = {
			isa = XCConfigurationList;
			buildConfigurations = (
				C01FCF4F08A954540054247B /* Debug */,
				C01FCF5008A954540054247B /* Release */,
			);
			defaultConfigurationIsVisible = 0;
			defaultConfigurationName = Release;
		};
/* End XCConfigurationList section */
	};
	rootObject = 29B97313FDCFA39411CA2CEA /* Project object */;
}
